{
  "name": "@picmo/popup-picker",
  "version": "5.4.0",
  "lockfileVersion": 2,
  "requires": true,
  "packages": {
    "": {
      "name": "@picmo/popup-picker",
      "version": "5.4.0",
      "license": "MIT",
      "dependencies": {
        "@floating-ui/dom": "^1.0.0"
      },
      "funding": {
        "url": "https://github.com/sponsors/joeattardi"
      }
    },
    "node_modules/@floating-ui/core": {
      "version": "1.0.0",
      "resolved": "https://registry.npmjs.org/@floating-ui/core/-/core-1.0.0.tgz",
      "integrity": "sha512-sm3nW0hHAxTv3gRDdCH8rNVQxijF+qPFo5gAeXCErRjKC7Qc28lIQ3R9Vd7Gw+KgwfA7RhRydDFuGeI0peGq7A=="
    },
    "node_modules/@floating-ui/dom": {
      "version": "1.0.0",
      "resolved": "https://registry.npmjs.org/@floating-ui/dom/-/dom-1.0.0.tgz",
      "integrity": "sha512-PMqJvY5Fae8HVQgUqM+lidprS6p9LSvB0AUhCdYKqr3YCaV+WaWCeVNBtXPRY2YIdrgcsL2+vd5F07FxgihHUw==",
      "dependencies": {
        "@floating-ui/core": "^1.0.0"
      }
    }
  },
  "dependencies": {
    "@floating-ui/core": {
      "version": "1.0.0",
      "resolved": "https://registry.npmjs.org/@floating-ui/core/-/core-1.0.0.tgz",
      "integrity": "sha512-sm3nW0hHAxTv3gRDdCH8rNVQxijF+qPFo5gAeXCErRjKC7Qc28lIQ3R9Vd7Gw+KgwfA7RhRydDFuGeI0peGq7A=="
    },
    "@floating-ui/dom": {
      "version": "1.0.0",
      "resolved": "https://registry.npmjs.org/@floating-ui/dom/-/dom-1.0.0.tgz",
      "integrity": "sha512-PMqJvY5Fae8HVQgUqM+lidprS6p9LSvB0AUhCdYKqr3YCaV+WaWCeVNBtXPRY2YIdrgcsL2+vd5F07FxgihHUw==",
      "requires": {
        "@floating-ui/core": "^1.0.0"
      }
    }
  }
}
